
Microsoft Visual Studio Solution File, Format Version 12.00
# Visual Studio Version 17
VisualStudioVersion = 17.14.36616.10 d17.14
MinimumVisualStudioVersion = 10.0.40219.1
Project("{C9674DCB-5085-4A16-B785-4C70DD1589BD}") = "us-flights-etl", "us-flights-etl\us-flights-etl.dtproj", "{649D9E65-58B7-A53E-81D3-4F2F413D726F}"
EndProject
Global
	GlobalSection(SolutionConfigurationPlatforms) = preSolution
		Development|Default = Development|Default
	EndGlobalSection
	GlobalSection(ProjectConfigurationPlatforms) = postSolution
		{649D9E65-58B7-A53E-81D3-4F2F413D726F}.Development|Default.ActiveCfg = Development
		{649D9E65-58B7-A53E-81D3-4F2F413D726F}.Development|Default.Build.0 = Development
	EndGlobalSection
	GlobalSection(SolutionProperties) = preSolution
		HideSolutionNode = FALSE
	EndGlobalSection
	GlobalSection(ExtensibilityGlobals) = postSolution
		SolutionGuid = {FB256F6E-5051-42D9-8C3C-EF825D02F8D3}
	EndGlobalSection
EndGlobal
